
Microsoft Visual Studio Solution File, Format Version 12.00
# Visual Studio Version 17
VisualStudioVersion = 17.4.33213.308
MinimumVisualStudioVersion = 10.0.40219.1
Project("{FAE04EC0-301F-11D3-BF4B-00C04F79EFBC}") = "TheRideYouRent", "TheRideYouRent\TheRideYouRent.csproj", "{A48FD09F-D19F-4A57-B32B-87FFEC7BE28C}"
EndProject
Global
	GlobalSection(SolutionConfigurationPlatforms) = preSolution
		Debug|Any CPU = Debug|Any CPU
		Release|Any CPU = Release|Any CPU
	EndGlobalSection
	GlobalSection(ProjectConfigurationPlatforms) = postSolution
		{A48FD09F-D19F-4A57-B32B-87FFEC7BE28C}.Debug|Any CPU.ActiveCfg = Debug|Any CPU
		{A48FD09F-D19F-4A57-B32B-87FFEC7BE28C}.Debug|Any CPU.Build.0 = Debug|Any CPU
		{A48FD09F-D19F-4A57-B32B-87FFEC7BE28C}.Release|Any CPU.ActiveCfg = Release|Any CPU
		{A48FD09F-D19F-4A57-B32B-87FFEC7BE28C}.Release|Any CPU.Build.0 = Release|Any CPU
	EndGlobalSection
	GlobalSection(SolutionProperties) = preSolution
		HideSolutionNode = FALSE
	EndGlobalSection
	GlobalSection(ExtensibilityGlobals) = postSolution
		SolutionGuid = {4D6A3F11-1B0C-4877-B701-C3FA8D07263A}
	EndGlobalSection
EndGlobal
